
Microsoft Visual Studio Solution File, Format Version 12.00
# Visual Studio Version 17
VisualStudioVersion = 17.1.32319.34
MinimumVisualStudioVersion = 10.0.40219.1
Project("{FAE04EC0-301F-11D3-BF4B-00C04F79EFBC}") = "WindowsFormsApp1", "WindowsFormsApp1.csproj", "{99480DD2-9E13-4ED9-AFFC-4576F2263329}"
EndProject
Global
	GlobalSection(SolutionConfigurationPlatforms) = preSolution
		Debug|Any CPU = Debug|Any CPU
		Release|Any CPU = Release|Any CPU
	EndGlobalSection
	GlobalSection(ProjectConfigurationPlatforms) = postSolution
		{99480DD2-9E13-4ED9-AFFC-4576F2263329}.Debug|Any CPU.ActiveCfg = Debug|Any CPU
		{99480DD2-9E13-4ED9-AFFC-4576F2263329}.Debug|Any CPU.Build.0 = Debug|Any CPU
		{99480DD2-9E13-4ED9-AFFC-4576F2263329}.Release|Any CPU.ActiveCfg = Release|Any CPU
		{99480DD2-9E13-4ED9-AFFC-4576F2263329}.Release|Any CPU.Build.0 = Release|Any CPU
	EndGlobalSection
	GlobalSection(SolutionProperties) = preSolution
		HideSolutionNode = FALSE
	EndGlobalSection
	GlobalSection(ExtensibilityGlobals) = postSolution
		SolutionGuid = {AB0A2C68-3631-4F54-8F44-738791E31A5D}
	EndGlobalSection
EndGlobal
